
Microsoft Visual Studio Solution File, Format Version 12.00
# Visual Studio Version 16
VisualStudioVersion = 16.0.30413.136
MinimumVisualStudioVersion = 10.0.40219.1
Project("{FAE04EC0-301F-11D3-BF4B-00C04F79EFBC}") = "Diary", "Diary\Diary.csproj", "{103E4237-8449-4F24-B873-B5B143CDCC28}"
EndProject
Global
	GlobalSection(SolutionConfigurationPlatforms) = preSolution
		Debug|Any CPU = Debug|Any CPU
		Release|Any CPU = Release|Any CPU
	EndGlobalSection
	GlobalSection(ProjectConfigurationPlatforms) = postSolution
		{103E4237-8449-4F24-B873-B5B143CDCC28}.Debug|Any CPU.ActiveCfg = Debug|Any CPU
		{103E4237-8449-4F24-B873-B5B143CDCC28}.Debug|Any CPU.Build.0 = Debug|Any CPU
		{103E4237-8449-4F24-B873-B5B143CDCC28}.Release|Any CPU.ActiveCfg = Release|Any CPU
		{103E4237-8449-4F24-B873-B5B143CDCC28}.Release|Any CPU.Build.0 = Release|Any CPU
	EndGlobalSection
	GlobalSection(SolutionProperties) = preSolution
		HideSolutionNode = FALSE
	EndGlobalSection
	GlobalSection(ExtensibilityGlobals) = postSolution
		SolutionGuid = {46C3E8BD-E3FC-48F0-89F2-78AA44C39DF3}
	EndGlobalSection
EndGlobal
